// !$*UTF8*$!
{
	archiveVersion = 1;
	classes = {
	};
	objectVersion = 56;
	objects = {

/* Begin PBXBuildFile section */
		2552047E29A0AA64007469B5 /* AppDelegate.swift in Sources */ = {isa = PBXBuildFile; fileRef = 2552047D29A0AA64007469B5 /* AppDelegate.swift */; };
		2552048029A0AA64007469B5 /* SceneDelegate.swift in Sources */ = {isa = PBXBuildFile; fileRef = 2552047F29A0AA64007469B5 /* SceneDelegate.swift */; };
		2552048729A0AA65007469B5 /* Assets.xcassets in Resources */ = {isa = PBXBuildFile; fileRef = 2552048629A0AA65007469B5 /* Assets.xcassets */; };
		2552048A29A0AA65007469B5 /* LaunchScreen.storyboard in Resources */ = {isa = PBXBuildFile; fileRef = 2552048829A0AA65007469B5 /* LaunchScreen.storyboard */; };
		2552049229A0AAB6007469B5 /* .gitignore in Resources */ = {isa = PBXBuildFile; fileRef = 2552049129A0AAB6007469B5 /* .gitignore */; };
		2552049929A0AD17007469B5 /* LoadViewController.swift in Sources */ = {isa = PBXBuildFile; fileRef = 2552049829A0AD17007469B5 /* LoadViewController.swift */; };
		2552049D29A0B368007469B5 /* LoadView.swift in Sources */ = {isa = PBXBuildFile; fileRef = 2552049C29A0B368007469B5 /* LoadView.swift */; };
		2552049F29A0B4D2007469B5 /* APIKey.swift in Sources */ = {isa = PBXBuildFile; fileRef = 2552049E29A0B4D2007469B5 /* APIKey.swift */; };
		255204A229A0B5A0007469B5 /* SnapKit in Frameworks */ = {isa = PBXBuildFile; productRef = 255204A129A0B5A0007469B5 /* SnapKit */; };
		255204A429A0B5A0007469B5 /* SnapKit-Dynamic in Frameworks */ = {isa = PBXBuildFile; productRef = 255204A329A0B5A0007469B5 /* SnapKit-Dynamic */; };
		255204A729A0B5B0007469B5 /* Then in Frameworks */ = {isa = PBXBuildFile; productRef = 255204A629A0B5B0007469B5 /* Then */; };
		255204A929A0B62B007469B5 /* APIService.swift in Sources */ = {isa = PBXBuildFile; fileRef = 255204A829A0B62B007469B5 /* APIService.swift */; };
/* End PBXBuildFile section */

/* Begin PBXFileReference section */
		2552047A29A0AA64007469B5 /* PerOnBoarding.app */ = {isa = PBXFileReference; explicitFileType = wrapper.application; includeInIndex = 0; path = PerOnBoarding.app; sourceTree = BUILT_PRODUCTS_DIR; };
		2552047D29A0AA64007469B5 /* AppDelegate.swift */ = {isa = PBXFileReference; lastKnownFileType = sourcecode.swift; path = AppDelegate.swift; sourceTree = "<group>"; };
		2552047F29A0AA64007469B5 /* SceneDelegate.swift */ = {isa = PBXFileReference; lastKnownFileType = sourcecode.swift; path = SceneDelegate.swift; sourceTree = "<group>"; };
		2552048629A0AA65007469B5 /* Assets.xcassets */ = {isa = PBXFileReference; lastKnownFileType = folder.assetcatalog; path = Assets.xcassets; sourceTree = "<group>"; };
		2552048929A0AA65007469B5 /* Base */ = {isa = PBXFileReference; lastKnownFileType = file.storyboard; name = Base; path = Base.lproj/LaunchScreen.storyboard; sourceTree = "<group>"; };
		2552048B29A0AA65007469B5 /* Info.plist */ = {isa = PBXFileReference; lastKnownFileType = text.plist.xml; path = Info.plist; sourceTree = "<group>"; };
		2552049129A0AAB6007469B5 /* .gitignore */ = {isa = PBXFileReference; lastKnownFileType = text; path = .gitignore; sourceTree = "<group>"; };
		2552049829A0AD17007469B5 /* LoadViewController.swift */ = {isa = PBXFileReference; lastKnownFileType = sourcecode.swift; path = LoadViewController.swift; sourceTree = "<group>"; };
		2552049C29A0B368007469B5 /* LoadView.swift */ = {isa = PBXFileReference; lastKnownFileType = sourcecode.swift; path = LoadView.swift; sourceTree = "<group>"; };
		2552049E29A0B4D2007469B5 /* APIKey.swift */ = {isa = PBXFileReference; lastKnownFileType = sourcecode.swift; path = APIKey.swift; sourceTree = "<group>"; };
		255204A829A0B62B007469B5 /* APIService.swift */ = {isa = PBXFileReference; lastKnownFileType = sourcecode.swift; path = APIService.swift; sourceTree = "<group>"; };
/* End PBXFileReference section */

/* Begin PBXFrameworksBuildPhase section */
		2552047729A0AA64007469B5 /* Frameworks */ = {
			isa = PBXFrameworksBuildPhase;
			buildActionMask = 2147483647;
			files = (
				255204A229A0B5A0007469B5 /* SnapKit in Frameworks */,
				255204A729A0B5B0007469B5 /* Then in Frameworks */,
				255204A429A0B5A0007469B5 /* SnapKit-Dynamic in Frameworks */,
			);
			runOnlyForDeploymentPostprocessing = 0;
		};
/* End PBXFrameworksBuildPhase section */

/* Begin PBXGroup section */
		2552047129A0AA64007469B5 = {
			isa = PBXGroup;
			children = (
				2552049E29A0B4D2007469B5 /* APIKey.swift */,
				2552049129A0AAB6007469B5 /* .gitignore */,
				2552047C29A0AA64007469B5 /* PerOnBoarding */,
				2552047B29A0AA64007469B5 /* Products */,
			);
			sourceTree = "<group>";
		};
		2552047B29A0AA64007469B5 /* Products */ = {
			isa = PBXGroup;
			children = (
				2552047A29A0AA64007469B5 /* PerOnBoarding.app */,
			);
			name = Products;
			sourceTree = "<group>";
		};
		2552047C29A0AA64007469B5 /* PerOnBoarding */ = {
			isa = PBXGroup;
			children = (
				2552049B29A0B276007469B5 /* Network */,
				2552049729A0AC8C007469B5 /* Presentation */,
				2552049629A0AB45007469B5 /* Application */,
				2552049329A0AAE5007469B5 /* Resources */,
				2552048B29A0AA65007469B5 /* Info.plist */,
			);
			path = PerOnBoarding;
			sourceTree = "<group>";
		};
		2552049329A0AAE5007469B5 /* Resources */ = {
			isa = PBXGroup;
			children = (
				2552049529A0AB14007469B5 /* Asset */,
				2552049429A0AB00007469B5 /* Storyboard */,
			);
			path = Resources;
			sourceTree = "<group>";
		};
		2552049429A0AB00007469B5 /* Storyboard */ = {
			isa = PBXGroup;
			children = (
				2552048829A0AA65007469B5 /* LaunchScreen.storyboard */,
			);
			path = Storyboard;
			sourceTree = "<group>";
		};
		2552049529A0AB14007469B5 /* Asset */ = {
			isa = PBXGroup;
			children = (
				2552048629A0AA65007469B5 /* Assets.xcassets */,
			);
			path = Asset;
			sourceTree = "<group>";
		};
		2552049629A0AB45007469B5 /* Application */ = {
			isa = PBXGroup;
			children = (
				2552047D29A0AA64007469B5 /* AppDelegate.swift */,
				2552047F29A0AA64007469B5 /* SceneDelegate.swift */,
			);
			path = Application;
			sourceTree = "<group>";
		};
		2552049729A0AC8C007469B5 /* Presentation */ = {
			isa = PBXGroup;
			children = (
				255204AB29A0C2A1007469B5 /* Utility */,
				2552049A29A0AD1B007469B5 /* ImageScene */,
			);
			path = Presentation;
			sourceTree = "<group>";
		};
		2552049A29A0AD1B007469B5 /* ImageScene */ = {
			isa = PBXGroup;
			children = (
				2552049829A0AD17007469B5 /* LoadViewController.swift */,
			);
			path = ImageScene;
			sourceTree = "<group>";
		};
		2552049B29A0B276007469B5 /* Network */ = {
			isa = PBXGroup;
			children = (
				255204A829A0B62B007469B5 /* APIService.swift */,
			);
			path = Network;
			sourceTree = "<group>";
		};
		255204AA29A0C28F007469B5 /* Custom */ = {
			isa = PBXGroup;
			children = (
				2552049C29A0B368007469B5 /* LoadView.swift */,
			);
			path = Custom;
			sourceTree = "<group>";
		};
		255204AB29A0C2A1007469B5 /* Utility */ = {
			isa = PBXGroup;
			children = (
				255204AA29A0C28F007469B5 /* Custom */,
			);
			path = Utility;
			sourceTree = "<group>";
		};
/* End PBXGroup section */

/* Begin PBXNativeTarget section */
		2552047929A0AA64007469B5 /* PerOnBoarding */ = {
			isa = PBXNativeTarget;
			buildConfigurationList = 2552048E29A0AA65007469B5 /* Build configuration list for PBXNativeTarget "PerOnBoarding" */;
			buildPhases = (
				2552047629A0AA64007469B5 /* Sources */,
				2552047729A0AA64007469B5 /* Frameworks */,
				2552047829A0AA64007469B5 /* Resources */,
			);
			buildRules = (
			);
			dependencies = (
			);
			name = PerOnBoarding;
			packageProductDependencies = (
				255204A129A0B5A0007469B5 /* SnapKit */,
				255204A329A0B5A0007469B5 /* SnapKit-Dynamic */,
				255204A629A0B5B0007469B5 /* Then */,
			);
			productName = PerOnBoarding;
			productReference = 2552047A29A0AA64007469B5 /* PerOnBoarding.app */;
			productType = "com.apple.product-type.application";
		};
/* End PBXNativeTarget section */

/* Begin PBXProject section */
		2552047229A0AA64007469B5 /* Project object */ = {
			isa = PBXProject;
			attributes = {
				BuildIndependentTargetsInParallel = 1;
				LastSwiftUpdateCheck = 1420;
				LastUpgradeCheck = 1420;
				TargetAttributes = {
					2552047929A0AA64007469B5 = {
						CreatedOnToolsVersion = 14.2;
					};
				};
			};
			buildConfigurationList = 2552047529A0AA64007469B5 /* Build configuration list for PBXProject "PerOnBoarding" */;
			compatibilityVersion = "Xcode 14.0";
			developmentRegion = en;
			hasScannedForEncodings = 0;
			knownRegions = (
				en,
				Base,
			);
			mainGroup = 2552047129A0AA64007469B5;
			packageReferences = (
				255204A029A0B5A0007469B5 /* XCRemoteSwiftPackageReference "SnapKit" */,
				255204A529A0B5B0007469B5 /* XCRemoteSwiftPackageReference "Then" */,
			);
			productRefGroup = 2552047B29A0AA64007469B5 /* Products */;
			projectDirPath = "";
			projectRoot = "";
			targets = (
				2552047929A0AA64007469B5 /* PerOnBoarding */,
			);
		};
/* End PBXProject section */

/* Begin PBXResourcesBuildPhase section */
		2552047829A0AA64007469B5 /* Resources */ = {
			isa = PBXResourcesBuildPhase;
			buildActionMask = 2147483647;
			files = (
				2552049229A0AAB6007469B5 /* .gitignore in Resources */,
				2552048A29A0AA65007469B5 /* LaunchScreen.storyboard in Resources */,
				2552048729A0AA65007469B5 /* Assets.xcassets in Resources */,
			);
			runOnlyForDeploymentPostprocessing = 0;
		};
/* End PBXResourcesBuildPhase section */

/* Begin PBXSourcesBuildPhase section */
		2552047629A0AA64007469B5 /* Sources */ = {
			isa = PBXSourcesBuildPhase;
			buildActionMask = 2147483647;
			files = (
				255204A929A0B62B007469B5 /* APIService.swift in Sources */,
				2552049D29A0B368007469B5 /* LoadView.swift in Sources */,
				2552047E29A0AA64007469B5 /* AppDelegate.swift in Sources */,
				2552049929A0AD17007469B5 /* LoadViewController.swift in Sources */,
				2552048029A0AA64007469B5 /* SceneDelegate.swift in Sources */,
				2552049F29A0B4D2007469B5 /* APIKey.swift in Sources */,
			);
			runOnlyForDeploymentPostprocessing = 0;
		};
/* End PBXSourcesBuildPhase section */

/* Begin PBXVariantGroup section */
		2552048829A0AA65007469B5 /* LaunchScreen.storyboard */ = {
			isa = PBXVariantGroup;
			children = (
				2552048929A0AA65007469B5 /* Base */,
			);
			name = LaunchScreen.storyboard;
			sourceTree = "<group>";
		};
/* End PBXVariantGroup section */

/* Begin XCBuildConfiguration section */
		2552048C29A0AA65007469B5 /* Debug */ = {
			isa = XCBuildConfiguration;
			buildSettings = {
				ALWAYS_SEARCH_USER_PATHS = NO;
				CLANG_ANALYZER_NONNULL = YES;
				CLANG_ANALYZER_NUMBER_OBJECT_CONVERSION = YES_AGGRESSIVE;
				CLANG_CXX_LANGUAGE_STANDARD = "gnu++20";
				CLANG_ENABLE_MODULES = YES;
				CLANG_ENABLE_OBJC_ARC = YES;
				CLANG_ENABLE_OBJC_WEAK = YES;
				CLANG_WARN_BLOCK_CAPTURE_AUTORELEASING = YES;
				CLANG_WARN_BOOL_CONVERSION = YES;
				CLANG_WARN_COMMA = YES;
				CLANG_WARN_CONSTANT_CONVERSION = YES;
				CLANG_WARN_DEPRECATED_OBJC_IMPLEMENTATIONS = YES;
				CLANG_WARN_DIRECT_OBJC_ISA_USAGE = YES_ERROR;
				CLANG_WARN_DOCUMENTATION_COMMENTS = YES;
				CLANG_WARN_EMPTY_BODY = YES;
				CLANG_WARN_ENUM_CONVERSION = YES;
				CLANG_WARN_INFINITE_RECURSION = YES;
				CLANG_WARN_INT_CONVERSION = YES;
				CLANG_WARN_NON_LITERAL_NULL_CONVERSION = YES;
				CLANG_WARN_OBJC_IMPLICIT_RETAIN_SELF = YES;
				CLANG_WARN_OBJC_LITERAL_CONVERSION = YES;
				CLANG_WARN_OBJC_ROOT_CLASS = YES_ERROR;
				CLANG_WARN_QUOTED_INCLUDE_IN_FRAMEWORK_HEADER = YES;
				CLANG_WARN_RANGE_LOOP_ANALYSIS = YES;
				CLANG_WARN_STRICT_PROTOTYPES = YES;
				CLANG_WARN_SUSPICIOUS_MOVE = YES;
				CLANG_WARN_UNGUARDED_AVAILABILITY = YES_AGGRESSIVE;
				CLANG_WARN_UNREACHABLE_CODE = YES;
				CLANG_WARN__DUPLICATE_METHOD_MATCH = YES;
				COPY_PHASE_STRIP = NO;
				DEBUG_INFORMATION_FORMAT = dwarf;
				ENABLE_STRICT_OBJC_MSGSEND = YES;
				ENABLE_TESTABILITY = YES;
				GCC_C_LANGUAGE_STANDARD = gnu11;
				GCC_DYNAMIC_NO_PIC = NO;
				GCC_NO_COMMON_BLOCKS = YES;
				GCC_OPTIMIZATION_LEVEL = 0;
				GCC_PREPROCESSOR_DEFINITIONS = (
					"DEBUG=1",
					"$(inherited)",
				);
				GCC_WARN_64_TO_32_BIT_CONVERSION = YES;
				GCC_WARN_ABOUT_RETURN_TYPE = YES_ERROR;
				GCC_WARN_UNDECLARED_SELECTOR = YES;
				GCC_WARN_UNINITIALIZED_AUTOS = YES_AGGRESSIVE;
				GCC_WARN_UNUSED_FUNCTION = YES;
				GCC_WARN_UNUSED_VARIABLE = YES;
				IPHONEOS_DEPLOYMENT_TARGET = 15.0;
				MTL_ENABLE_DEBUG_INFO = INCLUDE_SOURCE;
				MTL_FAST_MATH = YES;
				ONLY_ACTIVE_ARCH = YES;
				SDKROOT = iphoneos;
				SWIFT_ACTIVE_COMPILATION_CONDITIONS = DEBUG;
				SWIFT_OPTIMIZATION_LEVEL = "-Onone";
			};
			name = Debug;
		};
		2552048D29A0AA65007469B5 /* Release */ = {
			isa = XCBuildConfiguration;
			buildSettings = {
				ALWAYS_SEARCH_USER_PATHS = NO;
				CLANG_ANALYZER_NONNULL = YES;
				CLANG_ANALYZER_NUMBER_OBJECT_CONVERSION = YES_AGGRESSIVE;
				CLANG_CXX_LANGUAGE_STANDARD = "gnu++20";
				CLANG_ENABLE_MODULES = YES;
				CLANG_ENABLE_OBJC_ARC = YES;
				CLANG_ENABLE_OBJC_WEAK = YES;
				CLANG_WARN_BLOCK_CAPTURE_AUTORELEASING = YES;
				CLANG_WARN_BOOL_CONVERSION = YES;
				CLANG_WARN_COMMA = YES;
				CLANG_WARN_CONSTANT_CONVERSION = YES;
				CLANG_WARN_DEPRECATED_OBJC_IMPLEMENTATIONS = YES;
				CLANG_WARN_DIRECT_OBJC_ISA_USAGE = YES_ERROR;
				CLANG_WARN_DOCUMENTATION_COMMENTS = YES;
				CLANG_WARN_EMPTY_BODY = YES;
				CLANG_WARN_ENUM_CONVERSION = YES;
				CLANG_WARN_INFINITE_RECURSION = YES;
				CLANG_WARN_INT_CONVERSION = YES;
				CLANG_WARN_NON_LITERAL_NULL_CONVERSION = YES;
				CLANG_WARN_OBJC_IMPLICIT_RETAIN_SELF = YES;
				CLANG_WARN_OBJC_LITERAL_CONVERSION = YES;
				CLANG_WARN_OBJC_ROOT_CLASS = YES_ERROR;
				CLANG_WARN_QUOTED_INCLUDE_IN_FRAMEWORK_HEADER = YES;
				CLANG_WARN_RANGE_LOOP_ANALYSIS = YES;
				CLANG_WARN_STRICT_PROTOTYPES = YES;
				CLANG_WARN_SUSPICIOUS_MOVE = YES;
				CLANG_WARN_UNGUARDED_AVAILABILITY = YES_AGGRESSIVE;
				CLANG_WARN_UNREACHABLE_CODE = YES;
				CLANG_WARN__DUPLICATE_METHOD_MATCH = YES;
				COPY_PHASE_STRIP = NO;
				DEBUG_INFORMATION_FORMAT = "dwarf-with-dsym";
				ENABLE_NS_ASSERTIONS = NO;
				ENABLE_STRICT_OBJC_MSGSEND = YES;
				GCC_C_LANGUAGE_STANDARD = gnu11;
				GCC_NO_COMMON_BLOCKS = YES;
				GCC_WARN_64_TO_32_BIT_CONVERSION = YES;
				GCC_WARN_ABOUT_RETURN_TYPE = YES_ERROR;
				GCC_WARN_UNDECLARED_SELECTOR = YES;
				GCC_WARN_UNINITIALIZED_AUTOS = YES_AGGRESSIVE;
				GCC_WARN_UNUSED_FUNCTION = YES;
				GCC_WARN_UNUSED_VARIABLE = YES;
				IPHONEOS_DEPLOYMENT_TARGET = 15.0;
				MTL_ENABLE_DEBUG_INFO = NO;
				MTL_FAST_MATH = YES;
				SDKROOT = iphoneos;
				SWIFT_COMPILATION_MODE = wholemodule;
				SWIFT_OPTIMIZATION_LEVEL = "-O";
				VALIDATE_PRODUCT = YES;
			};
			name = Release;
		};
		2552048F29A0AA65007469B5 /* Debug */ = {
			isa = XCBuildConfiguration;
			buildSettings = {
				ASSETCATALOG_COMPILER_APPICON_NAME = AppIcon;
				ASSETCATALOG_COMPILER_GLOBAL_ACCENT_COLOR_NAME = AccentColor;
				CODE_SIGN_STYLE = Automatic;
				CURRENT_PROJECT_VERSION = 1;
				DEVELOPMENT_TEAM = RFHV927M8S;
				GENERATE_INFOPLIST_FILE = YES;
				INFOPLIST_FILE = PerOnBoarding/Info.plist;
				INFOPLIST_KEY_UIApplicationSupportsIndirectInputEvents = YES;
				INFOPLIST_KEY_UILaunchStoryboardName = LaunchScreen;
				INFOPLIST_KEY_UISupportedInterfaceOrientations = UIInterfaceOrientationPortrait;
				INFOPLIST_KEY_UISupportedInterfaceOrientations_iPad = "UIInterfaceOrientationLandscapeLeft UIInterfaceOrientationLandscapeRight UIInterfaceOrientationPortrait UIInterfaceOrientationPortraitUpsideDown";
				IPHONEOS_DEPLOYMENT_TARGET = 15.0;
				LD_RUNPATH_SEARCH_PATHS = (
					"$(inherited)",
					"@executable_path/Frameworks",
				);
				MARKETING_VERSION = 1.0;
				PRODUCT_BUNDLE_IDENTIFIER = com.jaehoon.PerOnBoarding;
				PRODUCT_NAME = "$(TARGET_NAME)";
				SUPPORTED_PLATFORMS = "iphoneos iphonesimulator";
				SUPPORTS_MACCATALYST = NO;
				SUPPORTS_MAC_DESIGNED_FOR_IPHONE_IPAD = NO;
				SWIFT_EMIT_LOC_STRINGS = YES;
				SWIFT_VERSION = 5.0;
				TARGETED_DEVICE_FAMILY = 1;
			};
			name = Debug;
		};
		2552049029A0AA65007469B5 /* Release */ = {
			isa = XCBuildConfiguration;
			buildSettings = {
				ASSETCATALOG_COMPILER_APPICON_NAME = AppIcon;
				ASSETCATALOG_COMPILER_GLOBAL_ACCENT_COLOR_NAME = AccentColor;
				CODE_SIGN_STYLE = Automatic;
				CURRENT_PROJECT_VERSION = 1;
				DEVELOPMENT_TEAM = RFHV927M8S;
				GENERATE_INFOPLIST_FILE = YES;
				INFOPLIST_FILE = PerOnBoarding/Info.plist;
				INFOPLIST_KEY_UIApplicationSupportsIndirectInputEvents = YES;
				INFOPLIST_KEY_UILaunchStoryboardName = LaunchScreen;
				INFOPLIST_KEY_UISupportedInterfaceOrientations = UIInterfaceOrientationPortrait;
				INFOPLIST_KEY_UISupportedInterfaceOrientations_iPad = "UIInterfaceOrientationLandscapeLeft UIInterfaceOrientationLandscapeRight UIInterfaceOrientationPortrait UIInterfaceOrientationPortraitUpsideDown";
				IPHONEOS_DEPLOYMENT_TARGET = 15.0;
				LD_RUNPATH_SEARCH_PATHS = (
					"$(inherited)",
					"@executable_path/Frameworks",
				);
				MARKETING_VERSION = 1.0;
				PRODUCT_BUNDLE_IDENTIFIER = com.jaehoon.PerOnBoarding;
				PRODUCT_NAME = "$(TARGET_NAME)";
				SUPPORTED_PLATFORMS = "iphoneos iphonesimulator";
				SUPPORTS_MACCATALYST = NO;
				SUPPORTS_MAC_DESIGNED_FOR_IPHONE_IPAD = NO;
				SWIFT_EMIT_LOC_STRINGS = YES;
				SWIFT_VERSION = 5.0;
				TARGETED_DEVICE_FAMILY = 1;
			};
			name = Release;
		};
/* End XCBuildConfiguration section */

/* Begin XCConfigurationList section */
		2552047529A0AA64007469B5 /* Build configuration list for PBXProject "PerOnBoarding" */ = {
			isa = XCConfigurationList;
			buildConfigurations = (
				2552048C29A0AA65007469B5 /* Debug */,
				2552048D29A0AA65007469B5 /* Release */,
			);
			defaultConfigurationIsVisible = 0;
			defaultConfigurationName = Release;
		};
		2552048E29A0AA65007469B5 /* Build configuration list for PBXNativeTarget "PerOnBoarding" */ = {
			isa = XCConfigurationList;
			buildConfigurations = (
				2552048F29A0AA65007469B5 /* Debug */,
				2552049029A0AA65007469B5 /* Release */,
			);
			defaultConfigurationIsVisible = 0;
			defaultConfigurationName = Release;
		};
/* End XCConfigurationList section */

/* Begin XCRemoteSwiftPackageReference section */
		255204A029A0B5A0007469B5 /* XCRemoteSwiftPackageReference "SnapKit" */ = {
			isa = XCRemoteSwiftPackageReference;
			repositoryURL = "https://github.com/SnapKit/SnapKit.git";
			requirement = {
				kind = upToNextMajorVersion;
				minimumVersion = 5.0.0;
			};
		};
		255204A529A0B5B0007469B5 /* XCRemoteSwiftPackageReference "Then" */ = {
			isa = XCRemoteSwiftPackageReference;
			repositoryURL = "https://github.com/devxoul/Then.git";
			requirement = {
				kind = upToNextMajorVersion;
				minimumVersion = 3.0.0;
			};
		};
/* End XCRemoteSwiftPackageReference section */

/* Begin XCSwiftPackageProductDependency section */
		255204A129A0B5A0007469B5 /* SnapKit */ = {
			isa = XCSwiftPackageProductDependency;
			package = 255204A029A0B5A0007469B5 /* XCRemoteSwiftPackageReference "SnapKit" */;
			productName = SnapKit;
		};
		255204A329A0B5A0007469B5 /* SnapKit-Dynamic */ = {
			isa = XCSwiftPackageProductDependency;
			package = 255204A029A0B5A0007469B5 /* XCRemoteSwiftPackageReference "SnapKit" */;
			productName = "SnapKit-Dynamic";
		};
		255204A629A0B5B0007469B5 /* Then */ = {
			isa = XCSwiftPackageProductDependency;
			package = 255204A529A0B5B0007469B5 /* XCRemoteSwiftPackageReference "Then" */;
			productName = Then;
		};
/* End XCSwiftPackageProductDependency section */
	};
	rootObject = 2552047229A0AA64007469B5 /* Project object */;
}
